
Microsoft Visual Studio Solution File, Format Version 12.00
# Visual Studio Version 17
VisualStudioVersion = 17.5.33424.131
MinimumVisualStudioVersion = 10.0.40219.1
Project("{FAE04EC0-301F-11D3-BF4B-00C04F79EFBC}") = "SweeftDigitalTest", "SweeftDigitalTest\SweeftDigitalTest.csproj", "{8EA46D4E-8CFF-47EB-A8F1-FA9FE74F6EB5}"
EndProject
Global
	GlobalSection(SolutionConfigurationPlatforms) = preSolution
		Debug|Any CPU = Debug|Any CPU
		Release|Any CPU = Release|Any CPU
	EndGlobalSection
	GlobalSection(ProjectConfigurationPlatforms) = postSolution
		{8EA46D4E-8CFF-47EB-A8F1-FA9FE74F6EB5}.Debug|Any CPU.ActiveCfg = Debug|Any CPU
		{8EA46D4E-8CFF-47EB-A8F1-FA9FE74F6EB5}.Debug|Any CPU.Build.0 = Debug|Any CPU
		{8EA46D4E-8CFF-47EB-A8F1-FA9FE74F6EB5}.Release|Any CPU.ActiveCfg = Release|Any CPU
		{8EA46D4E-8CFF-47EB-A8F1-FA9FE74F6EB5}.Release|Any CPU.Build.0 = Release|Any CPU
	EndGlobalSection
	GlobalSection(SolutionProperties) = preSolution
		HideSolutionNode = FALSE
	EndGlobalSection
	GlobalSection(ExtensibilityGlobals) = postSolution
		SolutionGuid = {6AB98018-8804-47B9-8434-6A6653B78A4A}
	EndGlobalSection
EndGlobal
